
Microsoft Visual Studio Solution File, Format Version 12.00
# Visual Studio 14
VisualStudioVersion = 14.0.24720.0
MinimumVisualStudioVersion = 10.0.40219.1
Project("{FAE04EC0-301F-11D3-BF4B-00C04F79EFBC}") = "Task1", "Task1\Task1.csproj", "{22B64F5E-E46A-4BC0-996B-244FCF68DF8F}"
EndProject
Project("{FAE04EC0-301F-11D3-BF4B-00C04F79EFBC}") = "Task1.Tests", "Task1.Tests\Task1.Tests.csproj", "{0689F1E0-F2A0-4AC8-BAA4-A71E77E6F858}"
EndProject
Global
	GlobalSection(SolutionConfigurationPlatforms) = preSolution
		Debug|Any CPU = Debug|Any CPU
		Release|Any CPU = Release|Any CPU
	EndGlobalSection
	GlobalSection(ProjectConfigurationPlatforms) = postSolution
		{22B64F5E-E46A-4BC0-996B-244FCF68DF8F}.Debug|Any CPU.ActiveCfg = Debug|Any CPU
		{22B64F5E-E46A-4BC0-996B-244FCF68DF8F}.Debug|Any CPU.Build.0 = Debug|Any CPU
		{22B64F5E-E46A-4BC0-996B-244FCF68DF8F}.Release|Any CPU.ActiveCfg = Release|Any CPU
		{22B64F5E-E46A-4BC0-996B-244FCF68DF8F}.Release|Any CPU.Build.0 = Release|Any CPU
		{0689F1E0-F2A0-4AC8-BAA4-A71E77E6F858}.Debug|Any CPU.ActiveCfg = Debug|Any CPU
		{0689F1E0-F2A0-4AC8-BAA4-A71E77E6F858}.Debug|Any CPU.Build.0 = Debug|Any CPU
		{0689F1E0-F2A0-4AC8-BAA4-A71E77E6F858}.Release|Any CPU.ActiveCfg = Release|Any CPU
		{0689F1E0-F2A0-4AC8-BAA4-A71E77E6F858}.Release|Any CPU.Build.0 = Release|Any CPU
	EndGlobalSection
	GlobalSection(SolutionProperties) = preSolution
		HideSolutionNode = FALSE
	EndGlobalSection
EndGlobal
